{
  "name": "super-xiaoai",
  "lockfileVersion": 3,
  "requires": true,
  "packages": {
    "": {
      "name": "super-xiaoai",
      "dependencies": {
        "@langchain/openai": "^1.2.1",
        "@mi-gpt/next": "^1.3.2",
        "autoglm.js": "^0.0.11",
        "dotenv": "^17.2.3",
        "langchain": "^1.2.6",
        "zod": "^4.3.5"
      },
      "devDependencies": {
        "tsx": "^4.21.0"
      }
    },
    "../../node_modules/.pnpm/@langchain+openai@1.2.1_@langchain+core@1.1.12_openai@6.15.0_ws@8.18.3_zod@4.3.5___ws@8.18.3/node_modules/@langchain/openai": {
      "version": "1.2.1",
      "license": "MIT",
      "dependencies": {
        "js-tiktoken": "^1.0.12",
        "openai": "^6.10.0",
        "zod": "^3.25.76 || ^4"
      },
      "devDependencies": {
        "@azure/identity": "^4.2.1",
        "@cfworker/json-schema": "^4.1.1",
        "@langchain/core": "1.1.9",
        "@langchain/eslint": "0.1.1",
        "@langchain/standard-tests": "0.0.12",
        "@langchain/tsconfig": "0.0.1",
        "@tsconfig/recommended": "^1.0.10",
        "@types/node": "^24.10.1",
        "@vitest/coverage-v8": "^3.2.4",
        "dotenv": "^17.2.1",
        "dpdm": "^3.14.0",
        "eslint": "^9.34.0",
        "prettier": "^2.8.3",
        "rimraf": "^5.0.1",
        "typescript": "~5.8.3",
        "uuid": "^11.1.0",
        "vitest": "^3.2.4",
        "zod-to-json-schema": "^3.24.6"
      },
      "engines": {
        "node": ">=20"
      },
      "peerDependencies": {
        "@langchain/core": "^1.0.0"
      }
    },
    "../../node_modules/.pnpm/@mi-gpt+next@1.3.2_encoding@0.1.13_ws@8.18.3_zod@4.3.5/node_modules/@mi-gpt/next": {
      "version": "1.3.2",
      "license": "MIT",
      "dependencies": {
        "@mi-gpt/chat": "1.1.1",
        "@mi-gpt/engine": "1.2.1",
        "@mi-gpt/miot": "1.2.2",
        "@mi-gpt/utils": "1.1.1"
      },
      "devDependencies": {
        "@mi-gpt/config": "1.1.0",
        "@types/node": "^22.14.0",
        "tsup": "^8.4.0",
        "typescript": "^5.8.2"
      },
      "engines": {
        "node": ">=16"
      }
    },
    "../../node_modules/.pnpm/autoglm.js@0.0.11_ws@8.18.3_zod@4.3.5/node_modules/autoglm.js": {
      "version": "0.0.11",
      "license": "MIT",
      "dependencies": {
        "@clack/prompts": "^0.11.0",
        "acorn": "^8.15.0",
        "acorn-loose": "^8.5.2",
        "consola": "^3.4.2",
        "dayjs": "^1.11.19",
        "fs-extra": "^11.3.3",
        "kolorist": "^1.8.0",
        "mitt": "^3.0.1",
        "openai": "^6.10.0",
        "sharp": "^0.34.5",
        "std-env": "^3.10.0",
        "tinyexec": "^1.0.2",
        "unzipper": "^0.12.3"
      },
      "devDependencies": {
        "@autoglm.js/shared": "1.0.0",
        "@types/fs-extra": "^11.0.4",
        "@types/minimist": "^1.2.5",
        "vitest": "^4.0.16"
      },
      "funding": {
        "url": "https://afdian.com/a/flippedround"
      },
      "optionalDependencies": {
        "@autoglm.js/adb-keyboard": "0.0.1",
        "@autoglm.js/platform-tools-darwin": "36.0.0",
        "@autoglm.js/platform-tools-linux": "36.0.0",
        "@autoglm.js/platform-tools-windows": "36.0.0"
      }
    },
    "../../node_modules/.pnpm/langchain@1.2.7_@langchain+core@1.1.12_openai@6.15.0_ws@8.18.3_zod@4.3.5___openai@6.15._80cdb7510bca826c4d376e7af90b2334/node_modules/langchain": {
      "version": "1.2.7",
      "license": "MIT",
      "dependencies": {
        "@langchain/langgraph": "^1.0.0",
        "@langchain/langgraph-checkpoint": "^1.0.0",
        "langsmith": ">=0.4.0 <1.0.0",
        "uuid": "^10.0.0",
        "zod": "^3.25.76 || ^4"
      },
      "devDependencies": {
        "@langchain/anthropic": "1.3.7",
        "@langchain/cohere": "1.0.1",
        "@langchain/core": "1.1.12",
        "@langchain/eslint": "0.1.1",
        "@langchain/openai": "1.2.1",
        "@langchain/tsconfig": "0.0.1",
        "@tsconfig/recommended": "^1.0.2",
        "@types/js-yaml": "^4",
        "@types/jsdom": "^21.1.1",
        "@types/uuid": "^9",
        "@types/ws": "^8",
        "@vitest/coverage-v8": "^3.2.4",
        "cheerio": "1.0.0-rc.12",
        "dotenv": "^16.0.3",
        "dpdm": "^3.14.0",
        "eslint": "^9.34.0",
        "openai": "^5.1.0",
        "peggy": "^3.0.2",
        "prettier": "^3.5.0",
        "reflect-metadata": "^0.2.2",
        "rimraf": "^5.0.1",
        "tinybench": "^5.1.0",
        "typeorm": "^0.3.26",
        "typescript": "~5.8.3",
        "vitest": "^3.2.4",
        "yaml": "^2.8.1"
      },
      "engines": {
        "node": ">=20"
      },
      "peerDependencies": {
        "@langchain/core": "1.1.12"
      }
    },
    "../../node_modules/.pnpm/tsx@4.21.0/node_modules/tsx": {
      "version": "4.21.0",
      "dev": true,
      "license": "MIT",
      "dependencies": {
        "esbuild": "~0.27.0",
        "get-tsconfig": "^4.7.5"
      },
      "bin": {
        "tsx": "dist/cli.mjs"
      },
      "engines": {
        "node": ">=18.0.0"
      },
      "optionalDependencies": {
        "fsevents": "~2.3.3"
      }
    },
    "../../node_modules/.pnpm/zod@4.3.5/node_modules/zod": {
      "version": "4.3.5",
      "license": "MIT",
      "funding": {
        "url": "https://github.com/sponsors/colinhacks"
      }
    },
    "node_modules/@langchain/openai": {
      "resolved": "../../node_modules/.pnpm/@langchain+openai@1.2.1_@langchain+core@1.1.12_openai@6.15.0_ws@8.18.3_zod@4.3.5___ws@8.18.3/node_modules/@langchain/openai",
      "link": true
    },
    "node_modules/@mi-gpt/next": {
      "resolved": "../../node_modules/.pnpm/@mi-gpt+next@1.3.2_encoding@0.1.13_ws@8.18.3_zod@4.3.5/node_modules/@mi-gpt/next",
      "link": true
    },
    "node_modules/autoglm.js": {
      "resolved": "../../node_modules/.pnpm/autoglm.js@0.0.11_ws@8.18.3_zod@4.3.5/node_modules/autoglm.js",
      "link": true
    },
    "node_modules/dotenv": {
      "version": "17.2.3",
      "resolved": "https://registry.npmjs.org/dotenv/-/dotenv-17.2.3.tgz",
      "integrity": "sha512-JVUnt+DUIzu87TABbhPmNfVdBDt18BLOWjMUFJMSi/Qqg7NTYtabbvSNJGOJ7afbRuv9D/lngizHtP7QyLQ+9w==",
      "license": "BSD-2-Clause",
      "engines": {
        "node": ">=12"
      },
      "funding": {
        "url": "https://dotenvx.com"
      }
    },
    "node_modules/langchain": {
      "resolved": "../../node_modules/.pnpm/langchain@1.2.7_@langchain+core@1.1.12_openai@6.15.0_ws@8.18.3_zod@4.3.5___openai@6.15._80cdb7510bca826c4d376e7af90b2334/node_modules/langchain",
      "link": true
    },
    "node_modules/tsx": {
      "resolved": "../../node_modules/.pnpm/tsx@4.21.0/node_modules/tsx",
      "link": true
    },
    "node_modules/zod": {
      "resolved": "../../node_modules/.pnpm/zod@4.3.5/node_modules/zod",
      "link": true
    }
  }
}
